
Microsoft Visual Studio Solution File, Format Version 12.00
# Visual Studio Version 17
VisualStudioVersion = 17.0.31903.59
MinimumVisualStudioVersion = 10.0.40219.1
Project("{2150E333-8FDC-42A3-9474-1A3956D46DE8}") = "Server", "Server", "{DAD03CFC-D5FA-AC94-41C7-9ABAB326F09E}"
EndProject
Project("{FAE04EC0-301F-11D3-BF4B-00C04F79EFBC}") = "Entities", "Server\Entities\Entities.csproj", "{8ADE08CE-F34A-44AD-BF8E-CAE1F7CEB836}"
EndProject
Project("{FAE04EC0-301F-11D3-BF4B-00C04F79EFBC}") = "RepositoryContracts", "Server\RepositoryContracts\RepositoryContracts.csproj", "{03093C96-DCB9-4FFA-997E-59FC693B71F1}"
EndProject
Project("{FAE04EC0-301F-11D3-BF4B-00C04F79EFBC}") = "InMemoryRepositories", "Server\InMemoryRepositories\InMemoryRepositories.csproj", "{36C1E950-DB14-4D81-B149-1ADA0BAF4F9F}"
EndProject
Project("{FAE04EC0-301F-11D3-BF4B-00C04F79EFBC}") = "CLI", "Server\CLI\CLI.csproj", "{007FB563-0461-48E8-AE4C-3CBD413C9C6A}"
EndProject
Project("{FAE04EC0-301F-11D3-BF4B-00C04F79EFBC}") = "FileRepositories", "Server\FileRepositories\FileRepositories.csproj", "{DC03D11A-A875-4CEC-8C58-C3AB98DA3FE8}"
EndProject
Project("{2150E333-8FDC-42A3-9474-1A3956D46DE8}") = "Shared", "Shared", "{4F52FD11-658E-A102-6CD3-7D7C16FFA15B}"
EndProject
Project("{FAE04EC0-301F-11D3-BF4B-00C04F79EFBC}") = "ApiContracts", "Shared\ApiContracts\ApiContracts.csproj", "{95022B6D-08EA-443A-AE52-97FFB6618783}"
EndProject
Project("{FAE04EC0-301F-11D3-BF4B-00C04F79EFBC}") = "WebAPI", "Shared\WebAPI\WebAPI.csproj", "{08546A86-242A-41FA-92C4-8F6DCAA95C30}"
EndProject
Global
	GlobalSection(SolutionConfigurationPlatforms) = preSolution
		Debug|Any CPU = Debug|Any CPU
		Debug|x64 = Debug|x64
		Debug|x86 = Debug|x86
		Release|Any CPU = Release|Any CPU
		Release|x64 = Release|x64
		Release|x86 = Release|x86
	EndGlobalSection
	GlobalSection(ProjectConfigurationPlatforms) = postSolution
		{8ADE08CE-F34A-44AD-BF8E-CAE1F7CEB836}.Debug|Any CPU.ActiveCfg = Debug|Any CPU
		{8ADE08CE-F34A-44AD-BF8E-CAE1F7CEB836}.Debug|Any CPU.Build.0 = Debug|Any CPU
		{8ADE08CE-F34A-44AD-BF8E-CAE1F7CEB836}.Debug|x64.ActiveCfg = Debug|Any CPU
		{8ADE08CE-F34A-44AD-BF8E-CAE1F7CEB836}.Debug|x64.Build.0 = Debug|Any CPU
		{8ADE08CE-F34A-44AD-BF8E-CAE1F7CEB836}.Debug|x86.ActiveCfg = Debug|Any CPU
		{8ADE08CE-F34A-44AD-BF8E-CAE1F7CEB836}.Debug|x86.Build.0 = Debug|Any CPU
		{8ADE08CE-F34A-44AD-BF8E-CAE1F7CEB836}.Release|Any CPU.ActiveCfg = Release|Any CPU
		{8ADE08CE-F34A-44AD-BF8E-CAE1F7CEB836}.Release|Any CPU.Build.0 = Release|Any CPU
		{8ADE08CE-F34A-44AD-BF8E-CAE1F7CEB836}.Release|x64.ActiveCfg = Release|Any CPU
		{8ADE08CE-F34A-44AD-BF8E-CAE1F7CEB836}.Release|x64.Build.0 = Release|Any CPU
		{8ADE08CE-F34A-44AD-BF8E-CAE1F7CEB836}.Release|x86.ActiveCfg = Release|Any CPU
		{8ADE08CE-F34A-44AD-BF8E-CAE1F7CEB836}.Release|x86.Build.0 = Release|Any CPU
		{03093C96-DCB9-4FFA-997E-59FC693B71F1}.Debug|Any CPU.ActiveCfg = Debug|Any CPU
		{03093C96-DCB9-4FFA-997E-59FC693B71F1}.Debug|Any CPU.Build.0 = Debug|Any CPU
		{03093C96-DCB9-4FFA-997E-59FC693B71F1}.Debug|x64.ActiveCfg = Debug|Any CPU
		{03093C96-DCB9-4FFA-997E-59FC693B71F1}.Debug|x64.Build.0 = Debug|Any CPU
		{03093C96-DCB9-4FFA-997E-59FC693B71F1}.Debug|x86.ActiveCfg = Debug|Any CPU
		{03093C96-DCB9-4FFA-997E-59FC693B71F1}.Debug|x86.Build.0 = Debug|Any CPU
		{03093C96-DCB9-4FFA-997E-59FC693B71F1}.Release|Any CPU.ActiveCfg = Release|Any CPU
		{03093C96-DCB9-4FFA-997E-59FC693B71F1}.Release|Any CPU.Build.0 = Release|Any CPU
		{03093C96-DCB9-4FFA-997E-59FC693B71F1}.Release|x64.ActiveCfg = Release|Any CPU
		{03093C96-DCB9-4FFA-997E-59FC693B71F1}.Release|x64.Build.0 = Release|Any CPU
		{03093C96-DCB9-4FFA-997E-59FC693B71F1}.Release|x86.ActiveCfg = Release|Any CPU
		{03093C96-DCB9-4FFA-997E-59FC693B71F1}.Release|x86.Build.0 = Release|Any CPU
		{36C1E950-DB14-4D81-B149-1ADA0BAF4F9F}.Debug|Any CPU.ActiveCfg = Debug|Any CPU
		{36C1E950-DB14-4D81-B149-1ADA0BAF4F9F}.Debug|Any CPU.Build.0 = Debug|Any CPU
		{36C1E950-DB14-4D81-B149-1ADA0BAF4F9F}.Debug|x64.ActiveCfg = Debug|Any CPU
		{36C1E950-DB14-4D81-B149-1ADA0BAF4F9F}.Debug|x64.Build.0 = Debug|Any CPU
		{36C1E950-DB14-4D81-B149-1ADA0BAF4F9F}.Debug|x86.ActiveCfg = Debug|Any CPU
		{36C1E950-DB14-4D81-B149-1ADA0BAF4F9F}.Debug|x86.Build.0 = Debug|Any CPU
		{36C1E950-DB14-4D81-B149-1ADA0BAF4F9F}.Release|Any CPU.ActiveCfg = Release|Any CPU
		{36C1E950-DB14-4D81-B149-1ADA0BAF4F9F}.Release|Any CPU.Build.0 = Release|Any CPU
		{36C1E950-DB14-4D81-B149-1ADA0BAF4F9F}.Release|x64.ActiveCfg = Release|Any CPU
		{36C1E950-DB14-4D81-B149-1ADA0BAF4F9F}.Release|x64.Build.0 = Release|Any CPU
		{36C1E950-DB14-4D81-B149-1ADA0BAF4F9F}.Release|x86.ActiveCfg = Release|Any CPU
		{36C1E950-DB14-4D81-B149-1ADA0BAF4F9F}.Release|x86.Build.0 = Release|Any CPU
		{007FB563-0461-48E8-AE4C-3CBD413C9C6A}.Debug|Any CPU.ActiveCfg = Debug|Any CPU
		{007FB563-0461-48E8-AE4C-3CBD413C9C6A}.Debug|Any CPU.Build.0 = Debug|Any CPU
		{007FB563-0461-48E8-AE4C-3CBD413C9C6A}.Debug|x64.ActiveCfg = Debug|Any CPU
		{007FB563-0461-48E8-AE4C-3CBD413C9C6A}.Debug|x64.Build.0 = Debug|Any CPU
		{007FB563-0461-48E8-AE4C-3CBD413C9C6A}.Debug|x86.ActiveCfg = Debug|Any CPU
		{007FB563-0461-48E8-AE4C-3CBD413C9C6A}.Debug|x86.Build.0 = Debug|Any CPU
		{007FB563-0461-48E8-AE4C-3CBD413C9C6A}.Release|Any CPU.ActiveCfg = Release|Any CPU
		{007FB563-0461-48E8-AE4C-3CBD413C9C6A}.Release|Any CPU.Build.0 = Release|Any CPU
		{007FB563-0461-48E8-AE4C-3CBD413C9C6A}.Release|x64.ActiveCfg = Release|Any CPU
		{007FB563-0461-48E8-AE4C-3CBD413C9C6A}.Release|x64.Build.0 = Release|Any CPU
		{007FB563-0461-48E8-AE4C-3CBD413C9C6A}.Release|x86.ActiveCfg = Release|Any CPU
		{007FB563-0461-48E8-AE4C-3CBD413C9C6A}.Release|x86.Build.0 = Release|Any CPU
		{DC03D11A-A875-4CEC-8C58-C3AB98DA3FE8}.Debug|Any CPU.ActiveCfg = Debug|Any CPU
		{DC03D11A-A875-4CEC-8C58-C3AB98DA3FE8}.Debug|Any CPU.Build.0 = Debug|Any CPU
		{DC03D11A-A875-4CEC-8C58-C3AB98DA3FE8}.Debug|x64.ActiveCfg = Debug|Any CPU
		{DC03D11A-A875-4CEC-8C58-C3AB98DA3FE8}.Debug|x64.Build.0 = Debug|Any CPU
		{DC03D11A-A875-4CEC-8C58-C3AB98DA3FE8}.Debug|x86.ActiveCfg = Debug|Any CPU
		{DC03D11A-A875-4CEC-8C58-C3AB98DA3FE8}.Debug|x86.Build.0 = Debug|Any CPU
		{DC03D11A-A875-4CEC-8C58-C3AB98DA3FE8}.Release|Any CPU.ActiveCfg = Release|Any CPU
		{DC03D11A-A875-4CEC-8C58-C3AB98DA3FE8}.Release|Any CPU.Build.0 = Release|Any CPU
		{DC03D11A-A875-4CEC-8C58-C3AB98DA3FE8}.Release|x64.ActiveCfg = Release|Any CPU
		{DC03D11A-A875-4CEC-8C58-C3AB98DA3FE8}.Release|x64.Build.0 = Release|Any CPU
		{DC03D11A-A875-4CEC-8C58-C3AB98DA3FE8}.Release|x86.ActiveCfg = Release|Any CPU
		{DC03D11A-A875-4CEC-8C58-C3AB98DA3FE8}.Release|x86.Build.0 = Release|Any CPU
		{95022B6D-08EA-443A-AE52-97FFB6618783}.Debug|Any CPU.ActiveCfg = Debug|Any CPU
		{95022B6D-08EA-443A-AE52-97FFB6618783}.Debug|Any CPU.Build.0 = Debug|Any CPU
		{95022B6D-08EA-443A-AE52-97FFB6618783}.Debug|x64.ActiveCfg = Debug|Any CPU
		{95022B6D-08EA-443A-AE52-97FFB6618783}.Debug|x64.Build.0 = Debug|Any CPU
		{95022B6D-08EA-443A-AE52-97FFB6618783}.Debug|x86.ActiveCfg = Debug|Any CPU
		{95022B6D-08EA-443A-AE52-97FFB6618783}.Debug|x86.Build.0 = Debug|Any CPU
		{95022B6D-08EA-443A-AE52-97FFB6618783}.Release|Any CPU.ActiveCfg = Release|Any CPU
		{95022B6D-08EA-443A-AE52-97FFB6618783}.Release|Any CPU.Build.0 = Release|Any CPU
		{95022B6D-08EA-443A-AE52-97FFB6618783}.Release|x64.ActiveCfg = Release|Any CPU
		{95022B6D-08EA-443A-AE52-97FFB6618783}.Release|x64.Build.0 = Release|Any CPU
		{95022B6D-08EA-443A-AE52-97FFB6618783}.Release|x86.ActiveCfg = Release|Any CPU
		{95022B6D-08EA-443A-AE52-97FFB6618783}.Release|x86.Build.0 = Release|Any CPU
		{08546A86-242A-41FA-92C4-8F6DCAA95C30}.Debug|Any CPU.ActiveCfg = Debug|Any CPU
		{08546A86-242A-41FA-92C4-8F6DCAA95C30}.Debug|Any CPU.Build.0 = Debug|Any CPU
		{08546A86-242A-41FA-92C4-8F6DCAA95C30}.Debug|x64.ActiveCfg = Debug|Any CPU
		{08546A86-242A-41FA-92C4-8F6DCAA95C30}.Debug|x64.Build.0 = Debug|Any CPU
		{08546A86-242A-41FA-92C4-8F6DCAA95C30}.Debug|x86.ActiveCfg = Debug|Any CPU
		{08546A86-242A-41FA-92C4-8F6DCAA95C30}.Debug|x86.Build.0 = Debug|Any CPU
		{08546A86-242A-41FA-92C4-8F6DCAA95C30}.Release|Any CPU.ActiveCfg = Release|Any CPU
		{08546A86-242A-41FA-92C4-8F6DCAA95C30}.Release|Any CPU.Build.0 = Release|Any CPU
		{08546A86-242A-41FA-92C4-8F6DCAA95C30}.Release|x64.ActiveCfg = Release|Any CPU
		{08546A86-242A-41FA-92C4-8F6DCAA95C30}.Release|x64.Build.0 = Release|Any CPU
		{08546A86-242A-41FA-92C4-8F6DCAA95C30}.Release|x86.ActiveCfg = Release|Any CPU
		{08546A86-242A-41FA-92C4-8F6DCAA95C30}.Release|x86.Build.0 = Release|Any CPU
	EndGlobalSection
	GlobalSection(SolutionProperties) = preSolution
		HideSolutionNode = FALSE
	EndGlobalSection
	GlobalSection(NestedProjects) = preSolution
		{8ADE08CE-F34A-44AD-BF8E-CAE1F7CEB836} = {DAD03CFC-D5FA-AC94-41C7-9ABAB326F09E}
		{03093C96-DCB9-4FFA-997E-59FC693B71F1} = {DAD03CFC-D5FA-AC94-41C7-9ABAB326F09E}
		{36C1E950-DB14-4D81-B149-1ADA0BAF4F9F} = {DAD03CFC-D5FA-AC94-41C7-9ABAB326F09E}
		{007FB563-0461-48E8-AE4C-3CBD413C9C6A} = {DAD03CFC-D5FA-AC94-41C7-9ABAB326F09E}
		{DC03D11A-A875-4CEC-8C58-C3AB98DA3FE8} = {DAD03CFC-D5FA-AC94-41C7-9ABAB326F09E}
		{95022B6D-08EA-443A-AE52-97FFB6618783} = {4F52FD11-658E-A102-6CD3-7D7C16FFA15B}
		{08546A86-242A-41FA-92C4-8F6DCAA95C30} = {4F52FD11-658E-A102-6CD3-7D7C16FFA15B}
	EndGlobalSection
EndGlobal
