Microsoft Visual Studio Solution File, Format Version 12.00
# Visual Studio Version 17
VisualStudioVersion = 17.5.2.0
MinimumVisualStudioVersion = 10.0.40219.1
Project("{FAE04EC0-301F-11D3-BF4B-00C04F79EFBC}") = "CLI", "CLI\CLI.csproj", "{06A18784-0637-D443-2E01-0885CF7266DF}"
EndProject
Project("{FAE04EC0-301F-11D3-BF4B-00C04F79EFBC}") = "Entities", "Entities\Entities.csproj", "{95DE3BD9-A587-35A9-17E0-3C34D2A57441}"
EndProject
Project("{FAE04EC0-301F-11D3-BF4B-00C04F79EFBC}") = "FileRepositories", "FileRepositories\FileRepositories.csproj", "{1B3014A0-4F1C-2A13-F23E-3074D8D26F65}"
EndProject
Project("{FAE04EC0-301F-11D3-BF4B-00C04F79EFBC}") = "InMemoryRepositories", "InMemoryRepositories\InMemoryRepositories.csproj", "{42F2DF29-A851-6033-2767-75A89EB7DDFB}"
EndProject
Project("{FAE04EC0-301F-11D3-BF4B-00C04F79EFBC}") = "RepositoryContracts", "RepositoryContracts\RepositoryContracts.csproj", "{6387FA35-AEC4-4A6B-D731-346ABDD1FA42}"
EndProject
Global
	GlobalSection(SolutionConfigurationPlatforms) = preSolution
		Debug|Any CPU = Debug|Any CPU
		Release|Any CPU = Release|Any CPU
	EndGlobalSection
	GlobalSection(ProjectConfigurationPlatforms) = postSolution
		{06A18784-0637-D443-2E01-0885CF7266DF}.Debug|Any CPU.ActiveCfg = Debug|Any CPU
		{06A18784-0637-D443-2E01-0885CF7266DF}.Debug|Any CPU.Build.0 = Debug|Any CPU
		{06A18784-0637-D443-2E01-0885CF7266DF}.Release|Any CPU.ActiveCfg = Release|Any CPU
		{06A18784-0637-D443-2E01-0885CF7266DF}.Release|Any CPU.Build.0 = Release|Any CPU
		{95DE3BD9-A587-35A9-17E0-3C34D2A57441}.Debug|Any CPU.ActiveCfg = Debug|Any CPU
		{95DE3BD9-A587-35A9-17E0-3C34D2A57441}.Debug|Any CPU.Build.0 = Debug|Any CPU
		{95DE3BD9-A587-35A9-17E0-3C34D2A57441}.Release|Any CPU.ActiveCfg = Release|Any CPU
		{95DE3BD9-A587-35A9-17E0-3C34D2A57441}.Release|Any CPU.Build.0 = Release|Any CPU
		{1B3014A0-4F1C-2A13-F23E-3074D8D26F65}.Debug|Any CPU.ActiveCfg = Debug|Any CPU
		{1B3014A0-4F1C-2A13-F23E-3074D8D26F65}.Debug|Any CPU.Build.0 = Debug|Any CPU
		{1B3014A0-4F1C-2A13-F23E-3074D8D26F65}.Release|Any CPU.ActiveCfg = Release|Any CPU
		{1B3014A0-4F1C-2A13-F23E-3074D8D26F65}.Release|Any CPU.Build.0 = Release|Any CPU
		{42F2DF29-A851-6033-2767-75A89EB7DDFB}.Debug|Any CPU.ActiveCfg = Debug|Any CPU
		{42F2DF29-A851-6033-2767-75A89EB7DDFB}.Debug|Any CPU.Build.0 = Debug|Any CPU
		{42F2DF29-A851-6033-2767-75A89EB7DDFB}.Release|Any CPU.ActiveCfg = Release|Any CPU
		{42F2DF29-A851-6033-2767-75A89EB7DDFB}.Release|Any CPU.Build.0 = Release|Any CPU
		{6387FA35-AEC4-4A6B-D731-346ABDD1FA42}.Debug|Any CPU.ActiveCfg = Debug|Any CPU
		{6387FA35-AEC4-4A6B-D731-346ABDD1FA42}.Debug|Any CPU.Build.0 = Debug|Any CPU
		{6387FA35-AEC4-4A6B-D731-346ABDD1FA42}.Release|Any CPU.ActiveCfg = Release|Any CPU
		{6387FA35-AEC4-4A6B-D731-346ABDD1FA42}.Release|Any CPU.Build.0 = Release|Any CPU
	EndGlobalSection
	GlobalSection(SolutionProperties) = preSolution
		HideSolutionNode = FALSE
	EndGlobalSection
	GlobalSection(ExtensibilityGlobals) = postSolution
		SolutionGuid = {4613769E-EFB1-49F3-B7D1-67555AF08922}
	EndGlobalSection
EndGlobal
